
Microsoft Visual Studio Solution File, Format Version 12.00
# Visual Studio Version 17
VisualStudioVersion = 17.5.33627.172
MinimumVisualStudioVersion = 10.0.40219.1
Project("{FAE04EC0-301F-11D3-BF4B-00C04F79EFBC}") = "gptchess", "gptchess\gptchess.csproj", "{3BDA927A-7E86-44EE-95D2-5412AD24B7D0}"
EndProject
Global
	GlobalSection(SolutionConfigurationPlatforms) = preSolution
		Debug|Any CPU = Debug|Any CPU
		Release|Any CPU = Release|Any CPU
	EndGlobalSection
	GlobalSection(ProjectConfigurationPlatforms) = postSolution
		{3BDA927A-7E86-44EE-95D2-5412AD24B7D0}.Debug|Any CPU.ActiveCfg = Debug|Any CPU
		{3BDA927A-7E86-44EE-95D2-5412AD24B7D0}.Debug|Any CPU.Build.0 = Debug|Any CPU
		{3BDA927A-7E86-44EE-95D2-5412AD24B7D0}.Release|Any CPU.ActiveCfg = Release|Any CPU
		{3BDA927A-7E86-44EE-95D2-5412AD24B7D0}.Release|Any CPU.Build.0 = Release|Any CPU
	EndGlobalSection
	GlobalSection(SolutionProperties) = preSolution
		HideSolutionNode = FALSE
	EndGlobalSection
	GlobalSection(ExtensibilityGlobals) = postSolution
		SolutionGuid = {08AB9587-CD77-4780-9019-954FE5543B48}
	EndGlobalSection
EndGlobal
